
Microsoft Visual Studio Solution File, Format Version 12.00
# Visual Studio 15
VisualStudioVersion = 15.0.28307.168
MinimumVisualStudioVersion = 10.0.40219.1
Project("{FAE04EC0-301F-11D3-BF4B-00C04F79EFBC}") = "CombatEngine", "SpeedResolver\CombatEngine.csproj", "{60DC66A5-7532-474C-85F0-D66443AFBB82}"
EndProject
Project("{FAE04EC0-301F-11D3-BF4B-00C04F79EFBC}") = "RSCommonModels", "RSCommonModels\RSCommonModels.csproj", "{92164858-838A-4CC5-BE5F-4E030CE63B79}"
EndProject
Global
	GlobalSection(SolutionConfigurationPlatforms) = preSolution
		Debug|Any CPU = Debug|Any CPU
		Release|Any CPU = Release|Any CPU
	EndGlobalSection
	GlobalSection(ProjectConfigurationPlatforms) = postSolution
		{60DC66A5-7532-474C-85F0-D66443AFBB82}.Debug|Any CPU.ActiveCfg = Debug|Any CPU
		{60DC66A5-7532-474C-85F0-D66443AFBB82}.Debug|Any CPU.Build.0 = Debug|Any CPU
		{60DC66A5-7532-474C-85F0-D66443AFBB82}.Release|Any CPU.ActiveCfg = Release|Any CPU
		{60DC66A5-7532-474C-85F0-D66443AFBB82}.Release|Any CPU.Build.0 = Release|Any CPU
		{92164858-838A-4CC5-BE5F-4E030CE63B79}.Debug|Any CPU.ActiveCfg = Debug|Any CPU
		{92164858-838A-4CC5-BE5F-4E030CE63B79}.Debug|Any CPU.Build.0 = Debug|Any CPU
		{92164858-838A-4CC5-BE5F-4E030CE63B79}.Release|Any CPU.ActiveCfg = Release|Any CPU
		{92164858-838A-4CC5-BE5F-4E030CE63B79}.Release|Any CPU.Build.0 = Release|Any CPU
	EndGlobalSection
	GlobalSection(SolutionProperties) = preSolution
		HideSolutionNode = FALSE
	EndGlobalSection
	GlobalSection(ExtensibilityGlobals) = postSolution
		SolutionGuid = {418FD2A0-3384-4951-A4A9-EA64FB927B6C}
	EndGlobalSection
EndGlobal
